// !$*UTF8*$!
{
	archiveVersion = 1;
	classes = {
	};
	objectVersion = 56;
	objects = {

/* Begin PBXBuildFile section */
		BCA5D1D22C16C89C005FA263 /* AppDelegate.swift in Sources */ = {isa = PBXBuildFile; fileRef = BCA5D1D12C16C89C005FA263 /* AppDelegate.swift */; };
		BCA5D1D42C16C89C005FA263 /* SceneDelegate.swift in Sources */ = {isa = PBXBuildFile; fileRef = BCA5D1D32C16C89C005FA263 /* SceneDelegate.swift */; };
		BCA5D1D62C16C89C005FA263 /* Controller.swift in Sources */ = {isa = PBXBuildFile; fileRef = BCA5D1D52C16C89C005FA263 /* Controller.swift */; };
		BCA5D1DB2C16C89D005FA263 /* Assets.xcassets in Resources */ = {isa = PBXBuildFile; fileRef = BCA5D1DA2C16C89D005FA263 /* Assets.xcassets */; };
		BCA5D1DE2C16C89D005FA263 /* Base in Resources */ = {isa = PBXBuildFile; fileRef = BCA5D1DD2C16C89D005FA263 /* Base */; };
		BCA5D1E72C16CEA4005FA263 /* .gitignore in Resources */ = {isa = PBXBuildFile; fileRef = BCA5D1E62C16CEA4005FA263 /* .gitignore */; };
		BCA5D1E92C16CEE2005FA263 /* APIKey.swift in Sources */ = {isa = PBXBuildFile; fileRef = BCA5D1E82C16CEE2005FA263 /* APIKey.swift */; };
		BCA5D1EB2C16CF8A005FA263 /* CodeBaseUI.swift in Sources */ = {isa = PBXBuildFile; fileRef = BCA5D1EA2C16CF8A005FA263 /* CodeBaseUI.swift */; };
		BCA5D1ED2C16CFAB005FA263 /* ReusableIdentifier.swift in Sources */ = {isa = PBXBuildFile; fileRef = BCA5D1EC2C16CFAB005FA263 /* ReusableIdentifier.swift */; };
		BCA5D1EF2C16CFC9005FA263 /* ViewTransition.swift in Sources */ = {isa = PBXBuildFile; fileRef = BCA5D1EE2C16CFC9005FA263 /* ViewTransition.swift */; };
		BCA5D1F22C16DA33005FA263 /* MainViewController.swift in Sources */ = {isa = PBXBuildFile; fileRef = BCA5D1F12C16DA33005FA263 /* MainViewController.swift */; };
		BCA5D1F52C16DA55005FA263 /* Then in Frameworks */ = {isa = PBXBuildFile; productRef = BCA5D1F42C16DA55005FA263 /* Then */; };
		BCA5D1F82C16DA5C005FA263 /* Kingfisher in Frameworks */ = {isa = PBXBuildFile; productRef = BCA5D1F72C16DA5C005FA263 /* Kingfisher */; };
		BCA5D1FB2C16DA67005FA263 /* SnapKit in Frameworks */ = {isa = PBXBuildFile; productRef = BCA5D1FA2C16DA67005FA263 /* SnapKit */; };
		BCA5D1FE2C16DA71005FA263 /* Alamofire in Frameworks */ = {isa = PBXBuildFile; productRef = BCA5D1FD2C16DA71005FA263 /* Alamofire */; };
		BCA5D2002C16DAB6005FA263 /* AlamofireRequest.swift in Sources */ = {isa = PBXBuildFile; fileRef = BCA5D1FF2C16DAB6005FA263 /* AlamofireRequest.swift */; };
		BCA5D2032C170EF3005FA263 /* Trending.swift in Sources */ = {isa = PBXBuildFile; fileRef = BCA5D2022C170EF3005FA263 /* Trending.swift */; };
		BCA5D2052C17596C005FA263 /* MainTableViewCell.swift in Sources */ = {isa = PBXBuildFile; fileRef = BCA5D2042C17596C005FA263 /* MainTableViewCell.swift */; };
		BCA5D2072C175AE3005FA263 /* UIResource.swift in Sources */ = {isa = PBXBuildFile; fileRef = BCA5D2062C175AE3005FA263 /* UIResource.swift */; };
		BCA5D20A2C176450005FA263 /* UIView+Extension.swift in Sources */ = {isa = PBXBuildFile; fileRef = BCA5D2092C176450005FA263 /* UIView+Extension.swift */; };
		BCA5D20C2C176FEB005FA263 /* UIViewController+Extension.swift in Sources */ = {isa = PBXBuildFile; fileRef = BCA5D20B2C176FEB005FA263 /* UIViewController+Extension.swift */; };
		BCA5D2102C177993005FA263 /* RoundShadowView.swift in Sources */ = {isa = PBXBuildFile; fileRef = BCA5D20F2C177993005FA263 /* RoundShadowView.swift */; };
		BCA5D2122C17940A005FA263 /* Genre.swift in Sources */ = {isa = PBXBuildFile; fileRef = BCA5D2112C17940A005FA263 /* Genre.swift */; };
		BCA5D2142C17A8C5005FA263 /* Credits.swift in Sources */ = {isa = PBXBuildFile; fileRef = BCA5D2132C17A8C5005FA263 /* Credits.swift */; };
/* End PBXBuildFile section */

/* Begin PBXFileReference section */
		BCA5D1CE2C16C89C005FA263 /* trendPractice.app */ = {isa = PBXFileReference; explicitFileType = wrapper.application; includeInIndex = 0; path = trendPractice.app; sourceTree = BUILT_PRODUCTS_DIR; };
		BCA5D1D12C16C89C005FA263 /* AppDelegate.swift */ = {isa = PBXFileReference; lastKnownFileType = sourcecode.swift; path = AppDelegate.swift; sourceTree = "<group>"; };
		BCA5D1D32C16C89C005FA263 /* SceneDelegate.swift */ = {isa = PBXFileReference; lastKnownFileType = sourcecode.swift; path = SceneDelegate.swift; sourceTree = "<group>"; };
		BCA5D1D52C16C89C005FA263 /* Controller.swift */ = {isa = PBXFileReference; lastKnownFileType = sourcecode.swift; path = Controller.swift; sourceTree = "<group>"; };
		BCA5D1DA2C16C89D005FA263 /* Assets.xcassets */ = {isa = PBXFileReference; lastKnownFileType = folder.assetcatalog; path = Assets.xcassets; sourceTree = "<group>"; };
		BCA5D1DD2C16C89D005FA263 /* Base */ = {isa = PBXFileReference; lastKnownFileType = file.storyboard; name = Base; path = Base.lproj/LaunchScreen.storyboard; sourceTree = "<group>"; };
		BCA5D1DF2C16C89D005FA263 /* Info.plist */ = {isa = PBXFileReference; lastKnownFileType = text.plist.xml; path = Info.plist; sourceTree = "<group>"; };
		BCA5D1E62C16CEA4005FA263 /* .gitignore */ = {isa = PBXFileReference; lastKnownFileType = text; path = .gitignore; sourceTree = "<group>"; };
		BCA5D1E82C16CEE2005FA263 /* APIKey.swift */ = {isa = PBXFileReference; lastKnownFileType = sourcecode.swift; path = APIKey.swift; sourceTree = "<group>"; };
		BCA5D1EA2C16CF8A005FA263 /* CodeBaseUI.swift */ = {isa = PBXFileReference; lastKnownFileType = sourcecode.swift; path = CodeBaseUI.swift; sourceTree = "<group>"; };
		BCA5D1EC2C16CFAB005FA263 /* ReusableIdentifier.swift */ = {isa = PBXFileReference; lastKnownFileType = sourcecode.swift; path = ReusableIdentifier.swift; sourceTree = "<group>"; };
		BCA5D1EE2C16CFC9005FA263 /* ViewTransition.swift */ = {isa = PBXFileReference; lastKnownFileType = sourcecode.swift; path = ViewTransition.swift; sourceTree = "<group>"; };
		BCA5D1F12C16DA33005FA263 /* MainViewController.swift */ = {isa = PBXFileReference; lastKnownFileType = sourcecode.swift; path = MainViewController.swift; sourceTree = "<group>"; };
		BCA5D1FF2C16DAB6005FA263 /* AlamofireRequest.swift */ = {isa = PBXFileReference; lastKnownFileType = sourcecode.swift; path = AlamofireRequest.swift; sourceTree = "<group>"; };
		BCA5D2022C170EF3005FA263 /* Trending.swift */ = {isa = PBXFileReference; lastKnownFileType = sourcecode.swift; path = Trending.swift; sourceTree = "<group>"; };
		BCA5D2042C17596C005FA263 /* MainTableViewCell.swift */ = {isa = PBXFileReference; lastKnownFileType = sourcecode.swift; path = MainTableViewCell.swift; sourceTree = "<group>"; };
		BCA5D2062C175AE3005FA263 /* UIResource.swift */ = {isa = PBXFileReference; lastKnownFileType = sourcecode.swift; path = UIResource.swift; sourceTree = "<group>"; };
		BCA5D2092C176450005FA263 /* UIView+Extension.swift */ = {isa = PBXFileReference; lastKnownFileType = sourcecode.swift; path = "UIView+Extension.swift"; sourceTree = "<group>"; };
		BCA5D20B2C176FEB005FA263 /* UIViewController+Extension.swift */ = {isa = PBXFileReference; lastKnownFileType = sourcecode.swift; path = "UIViewController+Extension.swift"; sourceTree = "<group>"; };
		BCA5D20F2C177993005FA263 /* RoundShadowView.swift */ = {isa = PBXFileReference; lastKnownFileType = sourcecode.swift; path = RoundShadowView.swift; sourceTree = "<group>"; };
		BCA5D2112C17940A005FA263 /* Genre.swift */ = {isa = PBXFileReference; lastKnownFileType = sourcecode.swift; path = Genre.swift; sourceTree = "<group>"; };
		BCA5D2132C17A8C5005FA263 /* Credits.swift */ = {isa = PBXFileReference; lastKnownFileType = sourcecode.swift; path = Credits.swift; sourceTree = "<group>"; };
/* End PBXFileReference section */

/* Begin PBXFrameworksBuildPhase section */
		BCA5D1CB2C16C89C005FA263 /* Frameworks */ = {
			isa = PBXFrameworksBuildPhase;
			buildActionMask = 2147483647;
			files = (
				BCA5D1FB2C16DA67005FA263 /* SnapKit in Frameworks */,
				BCA5D1FE2C16DA71005FA263 /* Alamofire in Frameworks */,
				BCA5D1F82C16DA5C005FA263 /* Kingfisher in Frameworks */,
				BCA5D1F52C16DA55005FA263 /* Then in Frameworks */,
			);
			runOnlyForDeploymentPostprocessing = 0;
		};
/* End PBXFrameworksBuildPhase section */

/* Begin PBXGroup section */
		BCA5D1C52C16C89C005FA263 = {
			isa = PBXGroup;
			children = (
				BCA5D1E62C16CEA4005FA263 /* .gitignore */,
				BCA5D1D02C16C89C005FA263 /* trendPractice */,
				BCA5D1CF2C16C89C005FA263 /* Products */,
			);
			sourceTree = "<group>";
		};
		BCA5D1CF2C16C89C005FA263 /* Products */ = {
			isa = PBXGroup;
			children = (
				BCA5D1CE2C16C89C005FA263 /* trendPractice.app */,
			);
			name = Products;
			sourceTree = "<group>";
		};
		BCA5D1D02C16C89C005FA263 /* trendPractice */ = {
			isa = PBXGroup;
			children = (
				BCA5D1F02C16DA0F005FA263 /* main */,
				BCA5D1E52C16C937005FA263 /* Common */,
				BCA5D1D12C16C89C005FA263 /* AppDelegate.swift */,
				BCA5D1D32C16C89C005FA263 /* SceneDelegate.swift */,
				BCA5D1D52C16C89C005FA263 /* Controller.swift */,
				BCA5D1DA2C16C89D005FA263 /* Assets.xcassets */,
				BCA5D1DC2C16C89D005FA263 /* LaunchScreen.storyboard */,
				BCA5D1DF2C16C89D005FA263 /* Info.plist */,
			);
			path = trendPractice;
			sourceTree = "<group>";
		};
		BCA5D1E52C16C937005FA263 /* Common */ = {
			isa = PBXGroup;
			children = (
				BCA5D2082C17642C005FA263 /* Extension */,
				BCA5D1E82C16CEE2005FA263 /* APIKey.swift */,
				BCA5D1EA2C16CF8A005FA263 /* CodeBaseUI.swift */,
				BCA5D1EC2C16CFAB005FA263 /* ReusableIdentifier.swift */,
				BCA5D1EE2C16CFC9005FA263 /* ViewTransition.swift */,
				BCA5D1FF2C16DAB6005FA263 /* AlamofireRequest.swift */,
				BCA5D2062C175AE3005FA263 /* UIResource.swift */,
			);
			path = Common;
			sourceTree = "<group>";
		};
		BCA5D1F02C16DA0F005FA263 /* main */ = {
			isa = PBXGroup;
			children = (
				BCA5D1F12C16DA33005FA263 /* MainViewController.swift */,
				BCA5D2042C17596C005FA263 /* MainTableViewCell.swift */,
				BCA5D2022C170EF3005FA263 /* Trending.swift */,
				BCA5D20F2C177993005FA263 /* RoundShadowView.swift */,
				BCA5D2112C17940A005FA263 /* Genre.swift */,
				BCA5D2132C17A8C5005FA263 /* Credits.swift */,
			);
			path = main;
			sourceTree = "<group>";
		};
		BCA5D2082C17642C005FA263 /* Extension */ = {
			isa = PBXGroup;
			children = (
				BCA5D2092C176450005FA263 /* UIView+Extension.swift */,
				BCA5D20B2C176FEB005FA263 /* UIViewController+Extension.swift */,
			);
			path = Extension;
			sourceTree = "<group>";
		};
/* End PBXGroup section */

/* Begin PBXNativeTarget section */
		BCA5D1CD2C16C89C005FA263 /* trendPractice */ = {
			isa = PBXNativeTarget;
			buildConfigurationList = BCA5D1E22C16C89D005FA263 /* Build configuration list for PBXNativeTarget "trendPractice" */;
			buildPhases = (
				BCA5D1CA2C16C89C005FA263 /* Sources */,
				BCA5D1CB2C16C89C005FA263 /* Frameworks */,
				BCA5D1CC2C16C89C005FA263 /* Resources */,
			);
			buildRules = (
			);
			dependencies = (
			);
			name = trendPractice;
			packageProductDependencies = (
				BCA5D1F42C16DA55005FA263 /* Then */,
				BCA5D1F72C16DA5C005FA263 /* Kingfisher */,
				BCA5D1FA2C16DA67005FA263 /* SnapKit */,
				BCA5D1FD2C16DA71005FA263 /* Alamofire */,
			);
			productName = trendPractice;
			productReference = BCA5D1CE2C16C89C005FA263 /* trendPractice.app */;
			productType = "com.apple.product-type.application";
		};
/* End PBXNativeTarget section */

/* Begin PBXProject section */
		BCA5D1C62C16C89C005FA263 /* Project object */ = {
			isa = PBXProject;
			attributes = {
				BuildIndependentTargetsInParallel = 1;
				LastSwiftUpdateCheck = 1540;
				LastUpgradeCheck = 1540;
				TargetAttributes = {
					BCA5D1CD2C16C89C005FA263 = {
						CreatedOnToolsVersion = 15.4;
					};
				};
			};
			buildConfigurationList = BCA5D1C92C16C89C005FA263 /* Build configuration list for PBXProject "trendPractice" */;
			compatibilityVersion = "Xcode 14.0";
			developmentRegion = en;
			hasScannedForEncodings = 0;
			knownRegions = (
				en,
				Base,
			);
			mainGroup = BCA5D1C52C16C89C005FA263;
			packageReferences = (
				BCA5D1F32C16DA55005FA263 /* XCRemoteSwiftPackageReference "Then" */,
				BCA5D1F62C16DA5C005FA263 /* XCRemoteSwiftPackageReference "Kingfisher" */,
				BCA5D1F92C16DA67005FA263 /* XCRemoteSwiftPackageReference "SnapKit" */,
				BCA5D1FC2C16DA71005FA263 /* XCRemoteSwiftPackageReference "Alamofire" */,
			);
			productRefGroup = BCA5D1CF2C16C89C005FA263 /* Products */;
			projectDirPath = "";
			projectRoot = "";
			targets = (
				BCA5D1CD2C16C89C005FA263 /* trendPractice */,
			);
		};
/* End PBXProject section */

/* Begin PBXResourcesBuildPhase section */
		BCA5D1CC2C16C89C005FA263 /* Resources */ = {
			isa = PBXResourcesBuildPhase;
			buildActionMask = 2147483647;
			files = (
				BCA5D1E72C16CEA4005FA263 /* .gitignore in Resources */,
				BCA5D1DB2C16C89D005FA263 /* Assets.xcassets in Resources */,
				BCA5D1DE2C16C89D005FA263 /* Base in Resources */,
			);
			runOnlyForDeploymentPostprocessing = 0;
		};
/* End PBXResourcesBuildPhase section */

/* Begin PBXSourcesBuildPhase section */
		BCA5D1CA2C16C89C005FA263 /* Sources */ = {
			isa = PBXSourcesBuildPhase;
			buildActionMask = 2147483647;
			files = (
				BCA5D2052C17596C005FA263 /* MainTableViewCell.swift in Sources */,
				BCA5D20A2C176450005FA263 /* UIView+Extension.swift in Sources */,
				BCA5D2072C175AE3005FA263 /* UIResource.swift in Sources */,
				BCA5D2032C170EF3005FA263 /* Trending.swift in Sources */,
				BCA5D20C2C176FEB005FA263 /* UIViewController+Extension.swift in Sources */,
				BCA5D2102C177993005FA263 /* RoundShadowView.swift in Sources */,
				BCA5D1EB2C16CF8A005FA263 /* CodeBaseUI.swift in Sources */,
				BCA5D2122C17940A005FA263 /* Genre.swift in Sources */,
				BCA5D1ED2C16CFAB005FA263 /* ReusableIdentifier.swift in Sources */,
				BCA5D2142C17A8C5005FA263 /* Credits.swift in Sources */,
				BCA5D1D62C16C89C005FA263 /* Controller.swift in Sources */,
				BCA5D2002C16DAB6005FA263 /* AlamofireRequest.swift in Sources */,
				BCA5D1D22C16C89C005FA263 /* AppDelegate.swift in Sources */,
				BCA5D1E92C16CEE2005FA263 /* APIKey.swift in Sources */,
				BCA5D1EF2C16CFC9005FA263 /* ViewTransition.swift in Sources */,
				BCA5D1D42C16C89C005FA263 /* SceneDelegate.swift in Sources */,
				BCA5D1F22C16DA33005FA263 /* MainViewController.swift in Sources */,
			);
			runOnlyForDeploymentPostprocessing = 0;
		};
/* End PBXSourcesBuildPhase section */

/* Begin PBXVariantGroup section */
		BCA5D1DC2C16C89D005FA263 /* LaunchScreen.storyboard */ = {
			isa = PBXVariantGroup;
			children = (
				BCA5D1DD2C16C89D005FA263 /* Base */,
			);
			name = LaunchScreen.storyboard;
			sourceTree = "<group>";
		};
/* End PBXVariantGroup section */

/* Begin XCBuildConfiguration section */
		BCA5D1E02C16C89D005FA263 /* Debug */ = {
			isa = XCBuildConfiguration;
			buildSettings = {
				ALWAYS_SEARCH_USER_PATHS = NO;
				ASSETCATALOG_COMPILER_GENERATE_SWIFT_ASSET_SYMBOL_EXTENSIONS = YES;
				CLANG_ANALYZER_NONNULL = YES;
				CLANG_ANALYZER_NUMBER_OBJECT_CONVERSION = YES_AGGRESSIVE;
				CLANG_CXX_LANGUAGE_STANDARD = "gnu++20";
				CLANG_ENABLE_MODULES = YES;
				CLANG_ENABLE_OBJC_ARC = YES;
				CLANG_ENABLE_OBJC_WEAK = YES;
				CLANG_WARN_BLOCK_CAPTURE_AUTORELEASING = YES;
				CLANG_WARN_BOOL_CONVERSION = YES;
				CLANG_WARN_COMMA = YES;
				CLANG_WARN_CONSTANT_CONVERSION = YES;
				CLANG_WARN_DEPRECATED_OBJC_IMPLEMENTATIONS = YES;
				CLANG_WARN_DIRECT_OBJC_ISA_USAGE = YES_ERROR;
				CLANG_WARN_DOCUMENTATION_COMMENTS = YES;
				CLANG_WARN_EMPTY_BODY = YES;
				CLANG_WARN_ENUM_CONVERSION = YES;
				CLANG_WARN_INFINITE_RECURSION = YES;
				CLANG_WARN_INT_CONVERSION = YES;
				CLANG_WARN_NON_LITERAL_NULL_CONVERSION = YES;
				CLANG_WARN_OBJC_IMPLICIT_RETAIN_SELF = YES;
				CLANG_WARN_OBJC_LITERAL_CONVERSION = YES;
				CLANG_WARN_OBJC_ROOT_CLASS = YES_ERROR;
				CLANG_WARN_QUOTED_INCLUDE_IN_FRAMEWORK_HEADER = YES;
				CLANG_WARN_RANGE_LOOP_ANALYSIS = YES;
				CLANG_WARN_STRICT_PROTOTYPES = YES;
				CLANG_WARN_SUSPICIOUS_MOVE = YES;
				CLANG_WARN_UNGUARDED_AVAILABILITY = YES_AGGRESSIVE;
				CLANG_WARN_UNREACHABLE_CODE = YES;
				CLANG_WARN__DUPLICATE_METHOD_MATCH = YES;
				COPY_PHASE_STRIP = NO;
				DEBUG_INFORMATION_FORMAT = dwarf;
				ENABLE_STRICT_OBJC_MSGSEND = YES;
				ENABLE_TESTABILITY = YES;
				ENABLE_USER_SCRIPT_SANDBOXING = YES;
				GCC_C_LANGUAGE_STANDARD = gnu17;
				GCC_DYNAMIC_NO_PIC = NO;
				GCC_NO_COMMON_BLOCKS = YES;
				GCC_OPTIMIZATION_LEVEL = 0;
				GCC_PREPROCESSOR_DEFINITIONS = (
					"DEBUG=1",
					"$(inherited)",
				);
				GCC_WARN_64_TO_32_BIT_CONVERSION = YES;
				GCC_WARN_ABOUT_RETURN_TYPE = YES_ERROR;
				GCC_WARN_UNDECLARED_SELECTOR = YES;
				GCC_WARN_UNINITIALIZED_AUTOS = YES_AGGRESSIVE;
				GCC_WARN_UNUSED_FUNCTION = YES;
				GCC_WARN_UNUSED_VARIABLE = YES;
				INFOPLIST_KEY_UISupportedInterfaceOrientations_iPad = "";
				IPHONEOS_DEPLOYMENT_TARGET = 17.5;
				LOCALIZATION_PREFERS_STRING_CATALOGS = YES;
				MTL_ENABLE_DEBUG_INFO = INCLUDE_SOURCE;
				MTL_FAST_MATH = YES;
				ONLY_ACTIVE_ARCH = YES;
				SDKROOT = iphoneos;
				SWIFT_ACTIVE_COMPILATION_CONDITIONS = "DEBUG $(inherited)";
				SWIFT_OPTIMIZATION_LEVEL = "-Onone";
			};
			name = Debug;
		};
		BCA5D1E12C16C89D005FA263 /* Release */ = {
			isa = XCBuildConfiguration;
			buildSettings = {
				ALWAYS_SEARCH_USER_PATHS = NO;
				ASSETCATALOG_COMPILER_GENERATE_SWIFT_ASSET_SYMBOL_EXTENSIONS = YES;
				CLANG_ANALYZER_NONNULL = YES;
				CLANG_ANALYZER_NUMBER_OBJECT_CONVERSION = YES_AGGRESSIVE;
				CLANG_CXX_LANGUAGE_STANDARD = "gnu++20";
				CLANG_ENABLE_MODULES = YES;
				CLANG_ENABLE_OBJC_ARC = YES;
				CLANG_ENABLE_OBJC_WEAK = YES;
				CLANG_WARN_BLOCK_CAPTURE_AUTORELEASING = YES;
				CLANG_WARN_BOOL_CONVERSION = YES;
				CLANG_WARN_COMMA = YES;
				CLANG_WARN_CONSTANT_CONVERSION = YES;
				CLANG_WARN_DEPRECATED_OBJC_IMPLEMENTATIONS = YES;
				CLANG_WARN_DIRECT_OBJC_ISA_USAGE = YES_ERROR;
				CLANG_WARN_DOCUMENTATION_COMMENTS = YES;
				CLANG_WARN_EMPTY_BODY = YES;
				CLANG_WARN_ENUM_CONVERSION = YES;
				CLANG_WARN_INFINITE_RECURSION = YES;
				CLANG_WARN_INT_CONVERSION = YES;
				CLANG_WARN_NON_LITERAL_NULL_CONVERSION = YES;
				CLANG_WARN_OBJC_IMPLICIT_RETAIN_SELF = YES;
				CLANG_WARN_OBJC_LITERAL_CONVERSION = YES;
				CLANG_WARN_OBJC_ROOT_CLASS = YES_ERROR;
				CLANG_WARN_QUOTED_INCLUDE_IN_FRAMEWORK_HEADER = YES;
				CLANG_WARN_RANGE_LOOP_ANALYSIS = YES;
				CLANG_WARN_STRICT_PROTOTYPES = YES;
				CLANG_WARN_SUSPICIOUS_MOVE = YES;
				CLANG_WARN_UNGUARDED_AVAILABILITY = YES_AGGRESSIVE;
				CLANG_WARN_UNREACHABLE_CODE = YES;
				CLANG_WARN__DUPLICATE_METHOD_MATCH = YES;
				COPY_PHASE_STRIP = NO;
				DEBUG_INFORMATION_FORMAT = "dwarf-with-dsym";
				ENABLE_NS_ASSERTIONS = NO;
				ENABLE_STRICT_OBJC_MSGSEND = YES;
				ENABLE_USER_SCRIPT_SANDBOXING = YES;
				GCC_C_LANGUAGE_STANDARD = gnu17;
				GCC_NO_COMMON_BLOCKS = YES;
				GCC_WARN_64_TO_32_BIT_CONVERSION = YES;
				GCC_WARN_ABOUT_RETURN_TYPE = YES_ERROR;
				GCC_WARN_UNDECLARED_SELECTOR = YES;
				GCC_WARN_UNINITIALIZED_AUTOS = YES_AGGRESSIVE;
				GCC_WARN_UNUSED_FUNCTION = YES;
				GCC_WARN_UNUSED_VARIABLE = YES;
				INFOPLIST_KEY_UISupportedInterfaceOrientations_iPad = "";
				IPHONEOS_DEPLOYMENT_TARGET = 17.5;
				LOCALIZATION_PREFERS_STRING_CATALOGS = YES;
				MTL_ENABLE_DEBUG_INFO = NO;
				MTL_FAST_MATH = YES;
				SDKROOT = iphoneos;
				SWIFT_COMPILATION_MODE = wholemodule;
				VALIDATE_PRODUCT = YES;
			};
			name = Release;
		};
		BCA5D1E32C16C89D005FA263 /* Debug */ = {
			isa = XCBuildConfiguration;
			buildSettings = {
				ASSETCATALOG_COMPILER_APPICON_NAME = AppIcon;
				ASSETCATALOG_COMPILER_GLOBAL_ACCENT_COLOR_NAME = AccentColor;
				CODE_SIGN_STYLE = Automatic;
				CURRENT_PROJECT_VERSION = 1;
				DEVELOPMENT_TEAM = F8FT97JYZT;
				GENERATE_INFOPLIST_FILE = YES;
				INFOPLIST_FILE = trendPractice/Info.plist;
				INFOPLIST_KEY_UIApplicationSupportsIndirectInputEvents = YES;
				INFOPLIST_KEY_UILaunchStoryboardName = LaunchScreen;
				INFOPLIST_KEY_UISupportedInterfaceOrientations = UIInterfaceOrientationPortrait;
				INFOPLIST_KEY_UISupportedInterfaceOrientations_iPad = "UIInterfaceOrientationLandscapeLeft UIInterfaceOrientationLandscapeRight UIInterfaceOrientationPortrait UIInterfaceOrientationPortraitUpsideDown";
				IPHONEOS_DEPLOYMENT_TARGET = 16.0;
				LD_RUNPATH_SEARCH_PATHS = (
					"$(inherited)",
					"@executable_path/Frameworks",
				);
				MARKETING_VERSION = 1.0;
				PRODUCT_BUNDLE_IDENTIFIER = tunastorm.trendPractice;
				PRODUCT_NAME = "$(TARGET_NAME)";
				SUPPORTED_PLATFORMS = "iphoneos iphonesimulator";
				SUPPORTS_MACCATALYST = NO;
				SUPPORTS_MAC_DESIGNED_FOR_IPHONE_IPAD = NO;
				SUPPORTS_XR_DESIGNED_FOR_IPHONE_IPAD = NO;
				SWIFT_EMIT_LOC_STRINGS = YES;
				SWIFT_VERSION = 5.0;
				TARGETED_DEVICE_FAMILY = 1;
			};
			name = Debug;
		};
		BCA5D1E42C16C89D005FA263 /* Release */ = {
			isa = XCBuildConfiguration;
			buildSettings = {
				ASSETCATALOG_COMPILER_APPICON_NAME = AppIcon;
				ASSETCATALOG_COMPILER_GLOBAL_ACCENT_COLOR_NAME = AccentColor;
				CODE_SIGN_STYLE = Automatic;
				CURRENT_PROJECT_VERSION = 1;
				DEVELOPMENT_TEAM = F8FT97JYZT;
				GENERATE_INFOPLIST_FILE = YES;
				INFOPLIST_FILE = trendPractice/Info.plist;
				INFOPLIST_KEY_UIApplicationSupportsIndirectInputEvents = YES;
				INFOPLIST_KEY_UILaunchStoryboardName = LaunchScreen;
				INFOPLIST_KEY_UISupportedInterfaceOrientations = UIInterfaceOrientationPortrait;
				INFOPLIST_KEY_UISupportedInterfaceOrientations_iPad = "UIInterfaceOrientationLandscapeLeft UIInterfaceOrientationLandscapeRight UIInterfaceOrientationPortrait UIInterfaceOrientationPortraitUpsideDown";
				IPHONEOS_DEPLOYMENT_TARGET = 16.0;
				LD_RUNPATH_SEARCH_PATHS = (
					"$(inherited)",
					"@executable_path/Frameworks",
				);
				MARKETING_VERSION = 1.0;
				PRODUCT_BUNDLE_IDENTIFIER = tunastorm.trendPractice;
				PRODUCT_NAME = "$(TARGET_NAME)";
				SUPPORTED_PLATFORMS = "iphoneos iphonesimulator";
				SUPPORTS_MACCATALYST = NO;
				SUPPORTS_MAC_DESIGNED_FOR_IPHONE_IPAD = NO;
				SUPPORTS_XR_DESIGNED_FOR_IPHONE_IPAD = NO;
				SWIFT_EMIT_LOC_STRINGS = YES;
				SWIFT_VERSION = 5.0;
				TARGETED_DEVICE_FAMILY = 1;
			};
			name = Release;
		};
/* End XCBuildConfiguration section */

/* Begin XCConfigurationList section */
		BCA5D1C92C16C89C005FA263 /* Build configuration list for PBXProject "trendPractice" */ = {
			isa = XCConfigurationList;
			buildConfigurations = (
				BCA5D1E02C16C89D005FA263 /* Debug */,
				BCA5D1E12C16C89D005FA263 /* Release */,
			);
			defaultConfigurationIsVisible = 0;
			defaultConfigurationName = Release;
		};
		BCA5D1E22C16C89D005FA263 /* Build configuration list for PBXNativeTarget "trendPractice" */ = {
			isa = XCConfigurationList;
			buildConfigurations = (
				BCA5D1E32C16C89D005FA263 /* Debug */,
				BCA5D1E42C16C89D005FA263 /* Release */,
			);
			defaultConfigurationIsVisible = 0;
			defaultConfigurationName = Release;
		};
/* End XCConfigurationList section */

/* Begin XCRemoteSwiftPackageReference section */
		BCA5D1F32C16DA55005FA263 /* XCRemoteSwiftPackageReference "Then" */ = {
			isa = XCRemoteSwiftPackageReference;
			repositoryURL = "https://github.com/devxoul/Then.git";
			requirement = {
				kind = upToNextMajorVersion;
				minimumVersion = 3.0.0;
			};
		};
		BCA5D1F62C16DA5C005FA263 /* XCRemoteSwiftPackageReference "Kingfisher" */ = {
			isa = XCRemoteSwiftPackageReference;
			repositoryURL = "https://github.com/onevcat/Kingfisher.git";
			requirement = {
				kind = upToNextMajorVersion;
				minimumVersion = 7.11.0;
			};
		};
		BCA5D1F92C16DA67005FA263 /* XCRemoteSwiftPackageReference "SnapKit" */ = {
			isa = XCRemoteSwiftPackageReference;
			repositoryURL = "https://github.com/SnapKit/SnapKit.git";
			requirement = {
				kind = upToNextMajorVersion;
				minimumVersion = 5.7.1;
			};
		};
		BCA5D1FC2C16DA71005FA263 /* XCRemoteSwiftPackageReference "Alamofire" */ = {
			isa = XCRemoteSwiftPackageReference;
			repositoryURL = "https://github.com/Alamofire/Alamofire.git";
			requirement = {
				kind = upToNextMajorVersion;
				minimumVersion = 5.9.1;
			};
		};
/* End XCRemoteSwiftPackageReference section */

/* Begin XCSwiftPackageProductDependency section */
		BCA5D1F42C16DA55005FA263 /* Then */ = {
			isa = XCSwiftPackageProductDependency;
			package = BCA5D1F32C16DA55005FA263 /* XCRemoteSwiftPackageReference "Then" */;
			productName = Then;
		};
		BCA5D1F72C16DA5C005FA263 /* Kingfisher */ = {
			isa = XCSwiftPackageProductDependency;
			package = BCA5D1F62C16DA5C005FA263 /* XCRemoteSwiftPackageReference "Kingfisher" */;
			productName = Kingfisher;
		};
		BCA5D1FA2C16DA67005FA263 /* SnapKit */ = {
			isa = XCSwiftPackageProductDependency;
			package = BCA5D1F92C16DA67005FA263 /* XCRemoteSwiftPackageReference "SnapKit" */;
			productName = SnapKit;
		};
		BCA5D1FD2C16DA71005FA263 /* Alamofire */ = {
			isa = XCSwiftPackageProductDependency;
			package = BCA5D1FC2C16DA71005FA263 /* XCRemoteSwiftPackageReference "Alamofire" */;
			productName = Alamofire;
		};
/* End XCSwiftPackageProductDependency section */
	};
	rootObject = BCA5D1C62C16C89C005FA263 /* Project object */;
}
