// !$*UTF8*$!
{
	archiveVersion = 1;
	classes = {
	};
	objectVersion = 56;
	objects = {

/* Begin PBXBuildFile section */
		BC9502522C188519004070B8 /* SearchCollectionViewCell.swift in Sources */ = {isa = PBXBuildFile; fileRef = BC9502512C188519004070B8 /* SearchCollectionViewCell.swift */; };
		BC9502542C18ADE0004070B8 /* UserDefaultManager.swift in Sources */ = {isa = PBXBuildFile; fileRef = BC9502532C18ADE0004070B8 /* UserDefaultManager.swift */; };
		BC9F6DC92C298E0200D11B98 /* TMDBResponse.swift in Sources */ = {isa = PBXBuildFile; fileRef = BC9F6DC82C298E0200D11B98 /* TMDBResponse.swift */; };
		BC9F6DCB2C298F8200D11B98 /* DetailViewController.swift in Sources */ = {isa = PBXBuildFile; fileRef = BC9F6DCA2C298F8200D11B98 /* DetailViewController.swift */; };
		BC9F6DD12C29C1C700D11B98 /* DetailView.swift in Sources */ = {isa = PBXBuildFile; fileRef = BC9F6DD02C29C1C700D11B98 /* DetailView.swift */; };
		BC9F6DD32C29C93500D11B98 /* DetailCollectionViewCell.swift in Sources */ = {isa = PBXBuildFile; fileRef = BC9F6DD22C29C93500D11B98 /* DetailCollectionViewCell.swift */; };
		BC9F6DD52C29D16000D11B98 /* DetailCollectionViewController.swift in Sources */ = {isa = PBXBuildFile; fileRef = BC9F6DD42C29D16000D11B98 /* DetailCollectionViewController.swift */; };
		BC9F6E052C2ABCA800D11B98 /* ImagesResponse.swift in Sources */ = {isa = PBXBuildFile; fileRef = BC9F6E042C2ABCA800D11B98 /* ImagesResponse.swift */; };
		BC9F6E072C2ACA6100D11B98 /* DetailTableViewController.swift in Sources */ = {isa = PBXBuildFile; fileRef = BC9F6E062C2ACA6100D11B98 /* DetailTableViewController.swift */; };
		BC9F6E092C2ACBA200D11B98 /* DetailTableViewCell.swift in Sources */ = {isa = PBXBuildFile; fileRef = BC9F6E082C2ACBA200D11B98 /* DetailTableViewCell.swift */; };
		BCA5D1D22C16C89C005FA263 /* AppDelegate.swift in Sources */ = {isa = PBXBuildFile; fileRef = BCA5D1D12C16C89C005FA263 /* AppDelegate.swift */; };
		BCA5D1D42C16C89C005FA263 /* SceneDelegate.swift in Sources */ = {isa = PBXBuildFile; fileRef = BCA5D1D32C16C89C005FA263 /* SceneDelegate.swift */; };
		BCA5D1DB2C16C89D005FA263 /* Assets.xcassets in Resources */ = {isa = PBXBuildFile; fileRef = BCA5D1DA2C16C89D005FA263 /* Assets.xcassets */; };
		BCA5D1DE2C16C89D005FA263 /* Base in Resources */ = {isa = PBXBuildFile; fileRef = BCA5D1DD2C16C89D005FA263 /* Base */; };
		BCA5D1E72C16CEA4005FA263 /* .gitignore in Resources */ = {isa = PBXBuildFile; fileRef = BCA5D1E62C16CEA4005FA263 /* .gitignore */; };
		BCA5D1E92C16CEE2005FA263 /* APIKey.swift in Sources */ = {isa = PBXBuildFile; fileRef = BCA5D1E82C16CEE2005FA263 /* APIKey.swift */; };
		BCA5D1ED2C16CFAB005FA263 /* ReusableIdentifier.swift in Sources */ = {isa = PBXBuildFile; fileRef = BCA5D1EC2C16CFAB005FA263 /* ReusableIdentifier.swift */; };
		BCA5D1EF2C16CFC9005FA263 /* ViewTransition.swift in Sources */ = {isa = PBXBuildFile; fileRef = BCA5D1EE2C16CFC9005FA263 /* ViewTransition.swift */; };
		BCA5D1F22C16DA33005FA263 /* MainViewController.swift in Sources */ = {isa = PBXBuildFile; fileRef = BCA5D1F12C16DA33005FA263 /* MainViewController.swift */; };
		BCA5D1F52C16DA55005FA263 /* Then in Frameworks */ = {isa = PBXBuildFile; productRef = BCA5D1F42C16DA55005FA263 /* Then */; };
		BCA5D1F82C16DA5C005FA263 /* Kingfisher in Frameworks */ = {isa = PBXBuildFile; productRef = BCA5D1F72C16DA5C005FA263 /* Kingfisher */; };
		BCA5D1FB2C16DA67005FA263 /* SnapKit in Frameworks */ = {isa = PBXBuildFile; productRef = BCA5D1FA2C16DA67005FA263 /* SnapKit */; };
		BCA5D1FE2C16DA71005FA263 /* Alamofire in Frameworks */ = {isa = PBXBuildFile; productRef = BCA5D1FD2C16DA71005FA263 /* Alamofire */; };
		BCA5D2052C17596C005FA263 /* MainTableViewCell.swift in Sources */ = {isa = PBXBuildFile; fileRef = BCA5D2042C17596C005FA263 /* MainTableViewCell.swift */; };
		BCA5D2072C175AE3005FA263 /* UIResource.swift in Sources */ = {isa = PBXBuildFile; fileRef = BCA5D2062C175AE3005FA263 /* UIResource.swift */; };
		BCA5D2102C177993005FA263 /* RoundShadowView.swift in Sources */ = {isa = PBXBuildFile; fileRef = BCA5D20F2C177993005FA263 /* RoundShadowView.swift */; };
		BCA5D2122C17940A005FA263 /* Genre.swift in Sources */ = {isa = PBXBuildFile; fileRef = BCA5D2112C17940A005FA263 /* Genre.swift */; };
		BCA5D2142C17A8C5005FA263 /* Credits.swift in Sources */ = {isa = PBXBuildFile; fileRef = BCA5D2132C17A8C5005FA263 /* Credits.swift */; };
		BCA5D2232C18383E005FA263 /* SearchResponse.swift in Sources */ = {isa = PBXBuildFile; fileRef = BCA5D2222C18383E005FA263 /* SearchResponse.swift */; };
		BCA5D2262C183A28005FA263 /* SearchCollectionViewController.swift in Sources */ = {isa = PBXBuildFile; fileRef = BCA5D2252C183A28005FA263 /* SearchCollectionViewController.swift */; };
		BCA5D22A2C184D86005FA263 /* APIClient.swift in Sources */ = {isa = PBXBuildFile; fileRef = BCA5D2292C184D86005FA263 /* APIClient.swift */; };
		BCA5D22C2C184E0E005FA263 /* APIRouter.swift in Sources */ = {isa = PBXBuildFile; fileRef = BCA5D22B2C184E0E005FA263 /* APIRouter.swift */; };
		BCEC00002C30224400C96564 /* Result.swift in Sources */ = {isa = PBXBuildFile; fileRef = BCECFFFF2C30224400C96564 /* Result.swift */; };
		BCEC00022C303E4D00C96564 /* APIError.swift in Sources */ = {isa = PBXBuildFile; fileRef = BCEC00012C303E4D00C96564 /* APIError.swift */; };
		BCEC00042C3116F000C96564 /* Toast.swift in Sources */ = {isa = PBXBuildFile; fileRef = BCEC00032C3116F000C96564 /* Toast.swift */; };
		BCEC00072C31170300C96564 /* Toast in Frameworks */ = {isa = PBXBuildFile; productRef = BCEC00062C31170300C96564 /* Toast */; };
		BCEC00092C313C3600C96564 /* DetailTableHeaderView.swift in Sources */ = {isa = PBXBuildFile; fileRef = BCEC00082C313C3600C96564 /* DetailTableHeaderView.swift */; };
		BCEC000C2C31420400C96564 /* IQKeyboardManagerSwift in Frameworks */ = {isa = PBXBuildFile; productRef = BCEC000B2C31420400C96564 /* IQKeyboardManagerSwift */; };
		BCECFFD72C2D9AAC00C96564 /* MainDetailViewController.swift in Sources */ = {isa = PBXBuildFile; fileRef = BCECFFD62C2D9AAC00C96564 /* MainDetailViewController.swift */; };
		BCECFFD92C2D9ADA00C96564 /* BaseView.swift in Sources */ = {isa = PBXBuildFile; fileRef = BCECFFD82C2D9ADA00C96564 /* BaseView.swift */; };
		BCECFFDB2C2D9D8A00C96564 /* MainDetailView.swift in Sources */ = {isa = PBXBuildFile; fileRef = BCECFFDA2C2D9D8A00C96564 /* MainDetailView.swift */; };
		BCECFFDD2C2DA44700C96564 /* MainDetailTableViewController.swift in Sources */ = {isa = PBXBuildFile; fileRef = BCECFFDC2C2DA44700C96564 /* MainDetailTableViewController.swift */; };
		BCECFFDF2C2DA49700C96564 /* MainDetailTableViewCell.swift in Sources */ = {isa = PBXBuildFile; fileRef = BCECFFDE2C2DA49700C96564 /* MainDetailTableViewCell.swift */; };
		BCECFFE12C2DA4B200C96564 /* BaseTableViewCell.swift in Sources */ = {isa = PBXBuildFile; fileRef = BCECFFE02C2DA4B200C96564 /* BaseTableViewCell.swift */; };
		BCECFFE52C2EEF1B00C96564 /* CALayer+Extension.swift in Sources */ = {isa = PBXBuildFile; fileRef = BCECFFE42C2EEF1B00C96564 /* CALayer+Extension.swift */; };
		BCECFFE72C2FC17700C96564 /* MainTableViewController.swift in Sources */ = {isa = PBXBuildFile; fileRef = BCECFFE62C2FC17700C96564 /* MainTableViewController.swift */; };
		BCECFFE92C2FC52E00C96564 /* MainView.swift in Sources */ = {isa = PBXBuildFile; fileRef = BCECFFE82C2FC52E00C96564 /* MainView.swift */; };
		BCECFFEC2C2FC6B200C96564 /* DataRecieveDelegate.swift in Sources */ = {isa = PBXBuildFile; fileRef = BCECFFEB2C2FC6B200C96564 /* DataRecieveDelegate.swift */; };
		BCECFFEE2C2FC82900C96564 /* BaseViewController.swift in Sources */ = {isa = PBXBuildFile; fileRef = BCECFFED2C2FC82900C96564 /* BaseViewController.swift */; };
		BCECFFF82C2FCB9D00C96564 /* BaseCollectionViewCell.swift in Sources */ = {isa = PBXBuildFile; fileRef = BCECFFF72C2FCB9D00C96564 /* BaseCollectionViewCell.swift */; };
		BCECFFFA2C2FCF0C00C96564 /* SearchViewController.swift in Sources */ = {isa = PBXBuildFile; fileRef = BCECFFF92C2FCF0C00C96564 /* SearchViewController.swift */; };
		BCECFFFC2C2FCF3F00C96564 /* SearchView.swift in Sources */ = {isa = PBXBuildFile; fileRef = BCECFFFB2C2FCF3F00C96564 /* SearchView.swift */; };
		BCECFFFE2C2FD50400C96564 /* SearchBarController.swift in Sources */ = {isa = PBXBuildFile; fileRef = BCECFFFD2C2FD50400C96564 /* SearchBarController.swift */; };
/* End PBXBuildFile section */

/* Begin PBXFileReference section */
		BC9502512C188519004070B8 /* SearchCollectionViewCell.swift */ = {isa = PBXFileReference; lastKnownFileType = sourcecode.swift; path = SearchCollectionViewCell.swift; sourceTree = "<group>"; };
		BC9502532C18ADE0004070B8 /* UserDefaultManager.swift */ = {isa = PBXFileReference; lastKnownFileType = sourcecode.swift; path = UserDefaultManager.swift; sourceTree = "<group>"; };
		BC9F6DC82C298E0200D11B98 /* TMDBResponse.swift */ = {isa = PBXFileReference; lastKnownFileType = sourcecode.swift; path = TMDBResponse.swift; sourceTree = "<group>"; };
		BC9F6DCA2C298F8200D11B98 /* DetailViewController.swift */ = {isa = PBXFileReference; lastKnownFileType = sourcecode.swift; path = DetailViewController.swift; sourceTree = "<group>"; };
		BC9F6DD02C29C1C700D11B98 /* DetailView.swift */ = {isa = PBXFileReference; lastKnownFileType = sourcecode.swift; path = DetailView.swift; sourceTree = "<group>"; };
		BC9F6DD22C29C93500D11B98 /* DetailCollectionViewCell.swift */ = {isa = PBXFileReference; lastKnownFileType = sourcecode.swift; path = DetailCollectionViewCell.swift; sourceTree = "<group>"; };
		BC9F6DD42C29D16000D11B98 /* DetailCollectionViewController.swift */ = {isa = PBXFileReference; lastKnownFileType = sourcecode.swift; path = DetailCollectionViewController.swift; sourceTree = "<group>"; };
		BC9F6E042C2ABCA800D11B98 /* ImagesResponse.swift */ = {isa = PBXFileReference; lastKnownFileType = sourcecode.swift; path = ImagesResponse.swift; sourceTree = "<group>"; };
		BC9F6E062C2ACA6100D11B98 /* DetailTableViewController.swift */ = {isa = PBXFileReference; lastKnownFileType = sourcecode.swift; path = DetailTableViewController.swift; sourceTree = "<group>"; };
		BC9F6E082C2ACBA200D11B98 /* DetailTableViewCell.swift */ = {isa = PBXFileReference; lastKnownFileType = sourcecode.swift; path = DetailTableViewCell.swift; sourceTree = "<group>"; };
		BCA5D1CE2C16C89C005FA263 /* trendPractice.app */ = {isa = PBXFileReference; explicitFileType = wrapper.application; includeInIndex = 0; path = trendPractice.app; sourceTree = BUILT_PRODUCTS_DIR; };
		BCA5D1D12C16C89C005FA263 /* AppDelegate.swift */ = {isa = PBXFileReference; lastKnownFileType = sourcecode.swift; path = AppDelegate.swift; sourceTree = "<group>"; };
		BCA5D1D32C16C89C005FA263 /* SceneDelegate.swift */ = {isa = PBXFileReference; lastKnownFileType = sourcecode.swift; path = SceneDelegate.swift; sourceTree = "<group>"; };
		BCA5D1DA2C16C89D005FA263 /* Assets.xcassets */ = {isa = PBXFileReference; lastKnownFileType = folder.assetcatalog; path = Assets.xcassets; sourceTree = "<group>"; };
		BCA5D1DD2C16C89D005FA263 /* Base */ = {isa = PBXFileReference; lastKnownFileType = file.storyboard; name = Base; path = Base.lproj/LaunchScreen.storyboard; sourceTree = "<group>"; };
		BCA5D1DF2C16C89D005FA263 /* Info.plist */ = {isa = PBXFileReference; lastKnownFileType = text.plist.xml; path = Info.plist; sourceTree = "<group>"; };
		BCA5D1E62C16CEA4005FA263 /* .gitignore */ = {isa = PBXFileReference; lastKnownFileType = text; path = .gitignore; sourceTree = "<group>"; };
		BCA5D1E82C16CEE2005FA263 /* APIKey.swift */ = {isa = PBXFileReference; lastKnownFileType = sourcecode.swift; path = APIKey.swift; sourceTree = "<group>"; };
		BCA5D1EC2C16CFAB005FA263 /* ReusableIdentifier.swift */ = {isa = PBXFileReference; lastKnownFileType = sourcecode.swift; path = ReusableIdentifier.swift; sourceTree = "<group>"; };
		BCA5D1EE2C16CFC9005FA263 /* ViewTransition.swift */ = {isa = PBXFileReference; lastKnownFileType = sourcecode.swift; path = ViewTransition.swift; sourceTree = "<group>"; };
		BCA5D1F12C16DA33005FA263 /* MainViewController.swift */ = {isa = PBXFileReference; lastKnownFileType = sourcecode.swift; path = MainViewController.swift; sourceTree = "<group>"; };
		BCA5D2042C17596C005FA263 /* MainTableViewCell.swift */ = {isa = PBXFileReference; lastKnownFileType = sourcecode.swift; path = MainTableViewCell.swift; sourceTree = "<group>"; };
		BCA5D2062C175AE3005FA263 /* UIResource.swift */ = {isa = PBXFileReference; lastKnownFileType = sourcecode.swift; path = UIResource.swift; sourceTree = "<group>"; };
		BCA5D20F2C177993005FA263 /* RoundShadowView.swift */ = {isa = PBXFileReference; lastKnownFileType = sourcecode.swift; path = RoundShadowView.swift; sourceTree = "<group>"; };
		BCA5D2112C17940A005FA263 /* Genre.swift */ = {isa = PBXFileReference; lastKnownFileType = sourcecode.swift; path = Genre.swift; sourceTree = "<group>"; };
		BCA5D2132C17A8C5005FA263 /* Credits.swift */ = {isa = PBXFileReference; lastKnownFileType = sourcecode.swift; path = Credits.swift; sourceTree = "<group>"; };
		BCA5D2222C18383E005FA263 /* SearchResponse.swift */ = {isa = PBXFileReference; lastKnownFileType = sourcecode.swift; path = SearchResponse.swift; sourceTree = "<group>"; };
		BCA5D2252C183A28005FA263 /* SearchCollectionViewController.swift */ = {isa = PBXFileReference; lastKnownFileType = sourcecode.swift; path = SearchCollectionViewController.swift; sourceTree = "<group>"; };
		BCA5D2292C184D86005FA263 /* APIClient.swift */ = {isa = PBXFileReference; lastKnownFileType = sourcecode.swift; path = APIClient.swift; sourceTree = "<group>"; };
		BCA5D22B2C184E0E005FA263 /* APIRouter.swift */ = {isa = PBXFileReference; lastKnownFileType = sourcecode.swift; path = APIRouter.swift; sourceTree = "<group>"; };
		BCEC00012C303E4D00C96564 /* APIError.swift */ = {isa = PBXFileReference; lastKnownFileType = sourcecode.swift; path = APIError.swift; sourceTree = "<group>"; };
		BCEC00032C3116F000C96564 /* Toast.swift */ = {isa = PBXFileReference; lastKnownFileType = sourcecode.swift; path = Toast.swift; sourceTree = "<group>"; };
		BCEC00082C313C3600C96564 /* DetailTableHeaderView.swift */ = {isa = PBXFileReference; lastKnownFileType = sourcecode.swift; path = DetailTableHeaderView.swift; sourceTree = "<group>"; };
		BCECFFD62C2D9AAC00C96564 /* MainDetailViewController.swift */ = {isa = PBXFileReference; lastKnownFileType = sourcecode.swift; path = MainDetailViewController.swift; sourceTree = "<group>"; };
		BCECFFD82C2D9ADA00C96564 /* BaseView.swift */ = {isa = PBXFileReference; lastKnownFileType = sourcecode.swift; path = BaseView.swift; sourceTree = "<group>"; };
		BCECFFDA2C2D9D8A00C96564 /* MainDetailView.swift */ = {isa = PBXFileReference; lastKnownFileType = sourcecode.swift; path = MainDetailView.swift; sourceTree = "<group>"; };
		BCECFFDC2C2DA44700C96564 /* MainDetailTableViewController.swift */ = {isa = PBXFileReference; lastKnownFileType = sourcecode.swift; path = MainDetailTableViewController.swift; sourceTree = "<group>"; };
		BCECFFDE2C2DA49700C96564 /* MainDetailTableViewCell.swift */ = {isa = PBXFileReference; lastKnownFileType = sourcecode.swift; path = MainDetailTableViewCell.swift; sourceTree = "<group>"; };
		BCECFFE02C2DA4B200C96564 /* BaseTableViewCell.swift */ = {isa = PBXFileReference; lastKnownFileType = sourcecode.swift; path = BaseTableViewCell.swift; sourceTree = "<group>"; };
		BCECFFE42C2EEF1B00C96564 /* CALayer+Extension.swift */ = {isa = PBXFileReference; lastKnownFileType = sourcecode.swift; path = "CALayer+Extension.swift"; sourceTree = "<group>"; };
		BCECFFE62C2FC17700C96564 /* MainTableViewController.swift */ = {isa = PBXFileReference; lastKnownFileType = sourcecode.swift; path = MainTableViewController.swift; sourceTree = "<group>"; };
		BCECFFE82C2FC52E00C96564 /* MainView.swift */ = {isa = PBXFileReference; lastKnownFileType = sourcecode.swift; path = MainView.swift; sourceTree = "<group>"; };
		BCECFFEB2C2FC6B200C96564 /* DataRecieveDelegate.swift */ = {isa = PBXFileReference; lastKnownFileType = sourcecode.swift; path = DataRecieveDelegate.swift; sourceTree = "<group>"; };
		BCECFFED2C2FC82900C96564 /* BaseViewController.swift */ = {isa = PBXFileReference; lastKnownFileType = sourcecode.swift; path = BaseViewController.swift; sourceTree = "<group>"; };
		BCECFFF72C2FCB9D00C96564 /* BaseCollectionViewCell.swift */ = {isa = PBXFileReference; lastKnownFileType = sourcecode.swift; path = BaseCollectionViewCell.swift; sourceTree = "<group>"; };
		BCECFFF92C2FCF0C00C96564 /* SearchViewController.swift */ = {isa = PBXFileReference; lastKnownFileType = sourcecode.swift; path = SearchViewController.swift; sourceTree = "<group>"; };
		BCECFFFB2C2FCF3F00C96564 /* SearchView.swift */ = {isa = PBXFileReference; lastKnownFileType = sourcecode.swift; path = SearchView.swift; sourceTree = "<group>"; };
		BCECFFFD2C2FD50400C96564 /* SearchBarController.swift */ = {isa = PBXFileReference; lastKnownFileType = sourcecode.swift; path = SearchBarController.swift; sourceTree = "<group>"; };
		BCECFFFF2C30224400C96564 /* Result.swift */ = {isa = PBXFileReference; lastKnownFileType = sourcecode.swift; path = Result.swift; sourceTree = "<group>"; };
/* End PBXFileReference section */

/* Begin PBXFrameworksBuildPhase section */
		BCA5D1CB2C16C89C005FA263 /* Frameworks */ = {
			isa = PBXFrameworksBuildPhase;
			buildActionMask = 2147483647;
			files = (
				BCA5D1FB2C16DA67005FA263 /* SnapKit in Frameworks */,
				BCA5D1FE2C16DA71005FA263 /* Alamofire in Frameworks */,
				BCA5D1F82C16DA5C005FA263 /* Kingfisher in Frameworks */,
				BCEC00072C31170300C96564 /* Toast in Frameworks */,
				BCA5D1F52C16DA55005FA263 /* Then in Frameworks */,
				BCEC000C2C31420400C96564 /* IQKeyboardManagerSwift in Frameworks */,
			);
			runOnlyForDeploymentPostprocessing = 0;
		};
/* End PBXFrameworksBuildPhase section */

/* Begin PBXGroup section */
		BCA5D1C52C16C89C005FA263 = {
			isa = PBXGroup;
			children = (
				BCA5D1E62C16CEA4005FA263 /* .gitignore */,
				BCA5D1D02C16C89C005FA263 /* trendPractice */,
				BCA5D1CF2C16C89C005FA263 /* Products */,
			);
			sourceTree = "<group>";
		};
		BCA5D1CF2C16C89C005FA263 /* Products */ = {
			isa = PBXGroup;
			children = (
				BCA5D1CE2C16C89C005FA263 /* trendPractice.app */,
			);
			name = Products;
			sourceTree = "<group>";
		};
		BCA5D1D02C16C89C005FA263 /* trendPractice */ = {
			isa = PBXGroup;
			children = (
				BCECFFEA2C2FC69900C96564 /* protocol */,
				BCA5D1E52C16C937005FA263 /* Common */,
				BCECFFE22C2EE80B00C96564 /* Domain */,
				BCA5D1D12C16C89C005FA263 /* AppDelegate.swift */,
				BCA5D1D32C16C89C005FA263 /* SceneDelegate.swift */,
				BCA5D1DA2C16C89D005FA263 /* Assets.xcassets */,
				BCA5D1DC2C16C89D005FA263 /* LaunchScreen.storyboard */,
				BCA5D1DF2C16C89D005FA263 /* Info.plist */,
			);
			path = trendPractice;
			sourceTree = "<group>";
		};
		BCA5D1E52C16C937005FA263 /* Common */ = {
			isa = PBXGroup;
			children = (
				BCECFFE32C2EE82A00C96564 /* Base */,
				BCA5D2242C1838B2005FA263 /* API */,
				BCA5D2082C17642C005FA263 /* Extension */,
				BCECFFF52C2FCB5F00C96564 /* Resource */,
				BCECFFF62C2FCB6900C96564 /* Util */,
			);
			path = Common;
			sourceTree = "<group>";
		};
		BCA5D1F02C16DA0F005FA263 /* Main */ = {
			isa = PBXGroup;
			children = (
				BCECFFEF2C2FCA4E00C96564 /* Model */,
				BCECFFF02C2FCA6100C96564 /* View */,
				BCECFFF12C2FCA7700C96564 /* Controller */,
			);
			path = Main;
			sourceTree = "<group>";
		};
		BCA5D2082C17642C005FA263 /* Extension */ = {
			isa = PBXGroup;
			children = (
				BCECFFE42C2EEF1B00C96564 /* CALayer+Extension.swift */,
			);
			path = Extension;
			sourceTree = "<group>";
		};
		BCA5D2212C183801005FA263 /* Search */ = {
			isa = PBXGroup;
			children = (
				BCECFFF22C2FCB0100C96564 /* Model */,
				BCECFFF32C2FCB0900C96564 /* View */,
				BCECFFF42C2FCB1300C96564 /* Controller */,
			);
			path = Search;
			sourceTree = "<group>";
		};
		BCA5D2242C1838B2005FA263 /* API */ = {
			isa = PBXGroup;
			children = (
				BCA5D2292C184D86005FA263 /* APIClient.swift */,
				BCA5D22B2C184E0E005FA263 /* APIRouter.swift */,
				BCA5D1E82C16CEE2005FA263 /* APIKey.swift */,
				BCEC00012C303E4D00C96564 /* APIError.swift */,
			);
			path = API;
			sourceTree = "<group>";
		};
		BCECFFE22C2EE80B00C96564 /* Domain */ = {
			isa = PBXGroup;
			children = (
				BCA5D1F02C16DA0F005FA263 /* Main */,
				BCA5D2212C183801005FA263 /* Search */,
			);
			path = Domain;
			sourceTree = "<group>";
		};
		BCECFFE32C2EE82A00C96564 /* Base */ = {
			isa = PBXGroup;
			children = (
				BCECFFD82C2D9ADA00C96564 /* BaseView.swift */,
				BCECFFED2C2FC82900C96564 /* BaseViewController.swift */,
				BCECFFE02C2DA4B200C96564 /* BaseTableViewCell.swift */,
				BCECFFF72C2FCB9D00C96564 /* BaseCollectionViewCell.swift */,
			);
			path = Base;
			sourceTree = "<group>";
		};
		BCECFFEA2C2FC69900C96564 /* protocol */ = {
			isa = PBXGroup;
			children = (
				BCA5D1EC2C16CFAB005FA263 /* ReusableIdentifier.swift */,
				BCA5D1EE2C16CFC9005FA263 /* ViewTransition.swift */,
				BCECFFEB2C2FC6B200C96564 /* DataRecieveDelegate.swift */,
			);
			path = protocol;
			sourceTree = "<group>";
		};
		BCECFFEF2C2FCA4E00C96564 /* Model */ = {
			isa = PBXGroup;
			children = (
				BC9F6DC82C298E0200D11B98 /* TMDBResponse.swift */,
				BCA5D2112C17940A005FA263 /* Genre.swift */,
				BCA5D2132C17A8C5005FA263 /* Credits.swift */,
				BCECFFFF2C30224400C96564 /* Result.swift */,
			);
			path = Model;
			sourceTree = "<group>";
		};
		BCECFFF02C2FCA6100C96564 /* View */ = {
			isa = PBXGroup;
			children = (
				BCECFFE82C2FC52E00C96564 /* MainView.swift */,
				BCA5D2042C17596C005FA263 /* MainTableViewCell.swift */,
				BCA5D20F2C177993005FA263 /* RoundShadowView.swift */,
				BCECFFDA2C2D9D8A00C96564 /* MainDetailView.swift */,
				BCECFFDE2C2DA49700C96564 /* MainDetailTableViewCell.swift */,
			);
			path = View;
			sourceTree = "<group>";
		};
		BCECFFF12C2FCA7700C96564 /* Controller */ = {
			isa = PBXGroup;
			children = (
				BCA5D1F12C16DA33005FA263 /* MainViewController.swift */,
				BCECFFE62C2FC17700C96564 /* MainTableViewController.swift */,
				BCECFFD62C2D9AAC00C96564 /* MainDetailViewController.swift */,
				BCECFFDC2C2DA44700C96564 /* MainDetailTableViewController.swift */,
			);
			path = Controller;
			sourceTree = "<group>";
		};
		BCECFFF22C2FCB0100C96564 /* Model */ = {
			isa = PBXGroup;
			children = (
				BCA5D2222C18383E005FA263 /* SearchResponse.swift */,
				BC9F6E042C2ABCA800D11B98 /* ImagesResponse.swift */,
			);
			path = Model;
			sourceTree = "<group>";
		};
		BCECFFF32C2FCB0900C96564 /* View */ = {
			isa = PBXGroup;
			children = (
				BCECFFFB2C2FCF3F00C96564 /* SearchView.swift */,
				BC9502512C188519004070B8 /* SearchCollectionViewCell.swift */,
				BC9F6DD02C29C1C700D11B98 /* DetailView.swift */,
				BC9F6E082C2ACBA200D11B98 /* DetailTableViewCell.swift */,
				BC9F6DD22C29C93500D11B98 /* DetailCollectionViewCell.swift */,
				BCEC00082C313C3600C96564 /* DetailTableHeaderView.swift */,
			);
			path = View;
			sourceTree = "<group>";
		};
		BCECFFF42C2FCB1300C96564 /* Controller */ = {
			isa = PBXGroup;
			children = (
				BCECFFF92C2FCF0C00C96564 /* SearchViewController.swift */,
				BCECFFFD2C2FD50400C96564 /* SearchBarController.swift */,
				BCA5D2252C183A28005FA263 /* SearchCollectionViewController.swift */,
				BC9F6DCA2C298F8200D11B98 /* DetailViewController.swift */,
				BC9F6E062C2ACA6100D11B98 /* DetailTableViewController.swift */,
				BC9F6DD42C29D16000D11B98 /* DetailCollectionViewController.swift */,
			);
			path = Controller;
			sourceTree = "<group>";
		};
		BCECFFF52C2FCB5F00C96564 /* Resource */ = {
			isa = PBXGroup;
			children = (
				BCA5D2062C175AE3005FA263 /* UIResource.swift */,
			);
			path = Resource;
			sourceTree = "<group>";
		};
		BCECFFF62C2FCB6900C96564 /* Util */ = {
			isa = PBXGroup;
			children = (
				BC9502532C18ADE0004070B8 /* UserDefaultManager.swift */,
				BCEC00032C3116F000C96564 /* Toast.swift */,
			);
			path = Util;
			sourceTree = "<group>";
		};
/* End PBXGroup section */

/* Begin PBXNativeTarget section */
		BCA5D1CD2C16C89C005FA263 /* trendPractice */ = {
			isa = PBXNativeTarget;
			buildConfigurationList = BCA5D1E22C16C89D005FA263 /* Build configuration list for PBXNativeTarget "trendPractice" */;
			buildPhases = (
				BCA5D1CA2C16C89C005FA263 /* Sources */,
				BCA5D1CB2C16C89C005FA263 /* Frameworks */,
				BCA5D1CC2C16C89C005FA263 /* Resources */,
			);
			buildRules = (
			);
			dependencies = (
			);
			name = trendPractice;
			packageProductDependencies = (
				BCA5D1F42C16DA55005FA263 /* Then */,
				BCA5D1F72C16DA5C005FA263 /* Kingfisher */,
				BCA5D1FA2C16DA67005FA263 /* SnapKit */,
				BCA5D1FD2C16DA71005FA263 /* Alamofire */,
				BCEC00062C31170300C96564 /* Toast */,
				BCEC000B2C31420400C96564 /* IQKeyboardManagerSwift */,
			);
			productName = trendPractice;
			productReference = BCA5D1CE2C16C89C005FA263 /* trendPractice.app */;
			productType = "com.apple.product-type.application";
		};
/* End PBXNativeTarget section */

/* Begin PBXProject section */
		BCA5D1C62C16C89C005FA263 /* Project object */ = {
			isa = PBXProject;
			attributes = {
				BuildIndependentTargetsInParallel = 1;
				LastSwiftUpdateCheck = 1540;
				LastUpgradeCheck = 1540;
				TargetAttributes = {
					BCA5D1CD2C16C89C005FA263 = {
						CreatedOnToolsVersion = 15.4;
					};
				};
			};
			buildConfigurationList = BCA5D1C92C16C89C005FA263 /* Build configuration list for PBXProject "trendPractice" */;
			compatibilityVersion = "Xcode 14.0";
			developmentRegion = en;
			hasScannedForEncodings = 0;
			knownRegions = (
				en,
				Base,
			);
			mainGroup = BCA5D1C52C16C89C005FA263;
			packageReferences = (
				BCA5D1F32C16DA55005FA263 /* XCRemoteSwiftPackageReference "Then" */,
				BCA5D1F62C16DA5C005FA263 /* XCRemoteSwiftPackageReference "Kingfisher" */,
				BCA5D1F92C16DA67005FA263 /* XCRemoteSwiftPackageReference "SnapKit" */,
				BCA5D1FC2C16DA71005FA263 /* XCRemoteSwiftPackageReference "Alamofire" */,
				BCEC00052C31170300C96564 /* XCRemoteSwiftPackageReference "Toast-Swift" */,
				BCEC000A2C31420400C96564 /* XCRemoteSwiftPackageReference "IQKeyboardManager" */,
			);
			productRefGroup = BCA5D1CF2C16C89C005FA263 /* Products */;
			projectDirPath = "";
			projectRoot = "";
			targets = (
				BCA5D1CD2C16C89C005FA263 /* trendPractice */,
			);
		};
/* End PBXProject section */

/* Begin PBXResourcesBuildPhase section */
		BCA5D1CC2C16C89C005FA263 /* Resources */ = {
			isa = PBXResourcesBuildPhase;
			buildActionMask = 2147483647;
			files = (
				BCA5D1E72C16CEA4005FA263 /* .gitignore in Resources */,
				BCA5D1DB2C16C89D005FA263 /* Assets.xcassets in Resources */,
				BCA5D1DE2C16C89D005FA263 /* Base in Resources */,
			);
			runOnlyForDeploymentPostprocessing = 0;
		};
/* End PBXResourcesBuildPhase section */

/* Begin PBXSourcesBuildPhase section */
		BCA5D1CA2C16C89C005FA263 /* Sources */ = {
			isa = PBXSourcesBuildPhase;
			buildActionMask = 2147483647;
			files = (
				BCA5D2052C17596C005FA263 /* MainTableViewCell.swift in Sources */,
				BCECFFEC2C2FC6B200C96564 /* DataRecieveDelegate.swift in Sources */,
				BCECFFE92C2FC52E00C96564 /* MainView.swift in Sources */,
				BCECFFD92C2D9ADA00C96564 /* BaseView.swift in Sources */,
				BC9F6DCB2C298F8200D11B98 /* DetailViewController.swift in Sources */,
				BC9502542C18ADE0004070B8 /* UserDefaultManager.swift in Sources */,
				BCA5D2072C175AE3005FA263 /* UIResource.swift in Sources */,
				BCEC00092C313C3600C96564 /* DetailTableHeaderView.swift in Sources */,
				BCECFFEE2C2FC82900C96564 /* BaseViewController.swift in Sources */,
				BCA5D2262C183A28005FA263 /* SearchCollectionViewController.swift in Sources */,
				BCECFFE72C2FC17700C96564 /* MainTableViewController.swift in Sources */,
				BCECFFDD2C2DA44700C96564 /* MainDetailTableViewController.swift in Sources */,
				BCECFFFE2C2FD50400C96564 /* SearchBarController.swift in Sources */,
				BCA5D2102C177993005FA263 /* RoundShadowView.swift in Sources */,
				BCA5D22C2C184E0E005FA263 /* APIRouter.swift in Sources */,
				BC9F6E092C2ACBA200D11B98 /* DetailTableViewCell.swift in Sources */,
				BCA5D22A2C184D86005FA263 /* APIClient.swift in Sources */,
				BCA5D2122C17940A005FA263 /* Genre.swift in Sources */,
				BC9502522C188519004070B8 /* SearchCollectionViewCell.swift in Sources */,
				BCEC00002C30224400C96564 /* Result.swift in Sources */,
				BCEC00042C3116F000C96564 /* Toast.swift in Sources */,
				BCA5D1ED2C16CFAB005FA263 /* ReusableIdentifier.swift in Sources */,
				BCECFFD72C2D9AAC00C96564 /* MainDetailViewController.swift in Sources */,
				BCA5D2142C17A8C5005FA263 /* Credits.swift in Sources */,
				BCECFFFC2C2FCF3F00C96564 /* SearchView.swift in Sources */,
				BCECFFDB2C2D9D8A00C96564 /* MainDetailView.swift in Sources */,
				BCECFFFA2C2FCF0C00C96564 /* SearchViewController.swift in Sources */,
				BC9F6E072C2ACA6100D11B98 /* DetailTableViewController.swift in Sources */,
				BCECFFE12C2DA4B200C96564 /* BaseTableViewCell.swift in Sources */,
				BC9F6DD12C29C1C700D11B98 /* DetailView.swift in Sources */,
				BCA5D2232C18383E005FA263 /* SearchResponse.swift in Sources */,
				BCECFFE52C2EEF1B00C96564 /* CALayer+Extension.swift in Sources */,
				BCA5D1D22C16C89C005FA263 /* AppDelegate.swift in Sources */,
				BC9F6DC92C298E0200D11B98 /* TMDBResponse.swift in Sources */,
				BCECFFF82C2FCB9D00C96564 /* BaseCollectionViewCell.swift in Sources */,
				BCA5D1E92C16CEE2005FA263 /* APIKey.swift in Sources */,
				BCA5D1EF2C16CFC9005FA263 /* ViewTransition.swift in Sources */,
				BCA5D1D42C16C89C005FA263 /* SceneDelegate.swift in Sources */,
				BCECFFDF2C2DA49700C96564 /* MainDetailTableViewCell.swift in Sources */,
				BC9F6E052C2ABCA800D11B98 /* ImagesResponse.swift in Sources */,
				BC9F6DD32C29C93500D11B98 /* DetailCollectionViewCell.swift in Sources */,
				BCA5D1F22C16DA33005FA263 /* MainViewController.swift in Sources */,
				BC9F6DD52C29D16000D11B98 /* DetailCollectionViewController.swift in Sources */,
				BCEC00022C303E4D00C96564 /* APIError.swift in Sources */,
			);
			runOnlyForDeploymentPostprocessing = 0;
		};
/* End PBXSourcesBuildPhase section */

/* Begin PBXVariantGroup section */
		BCA5D1DC2C16C89D005FA263 /* LaunchScreen.storyboard */ = {
			isa = PBXVariantGroup;
			children = (
				BCA5D1DD2C16C89D005FA263 /* Base */,
			);
			name = LaunchScreen.storyboard;
			sourceTree = "<group>";
		};
/* End PBXVariantGroup section */

/* Begin XCBuildConfiguration section */
		BCA5D1E02C16C89D005FA263 /* Debug */ = {
			isa = XCBuildConfiguration;
			buildSettings = {
				ALWAYS_SEARCH_USER_PATHS = NO;
				ASSETCATALOG_COMPILER_GENERATE_SWIFT_ASSET_SYMBOL_EXTENSIONS = YES;
				CLANG_ANALYZER_NONNULL = YES;
				CLANG_ANALYZER_NUMBER_OBJECT_CONVERSION = YES_AGGRESSIVE;
				CLANG_CXX_LANGUAGE_STANDARD = "gnu++20";
				CLANG_ENABLE_MODULES = YES;
				CLANG_ENABLE_OBJC_ARC = YES;
				CLANG_ENABLE_OBJC_WEAK = YES;
				CLANG_WARN_BLOCK_CAPTURE_AUTORELEASING = YES;
				CLANG_WARN_BOOL_CONVERSION = YES;
				CLANG_WARN_COMMA = YES;
				CLANG_WARN_CONSTANT_CONVERSION = YES;
				CLANG_WARN_DEPRECATED_OBJC_IMPLEMENTATIONS = YES;
				CLANG_WARN_DIRECT_OBJC_ISA_USAGE = YES_ERROR;
				CLANG_WARN_DOCUMENTATION_COMMENTS = YES;
				CLANG_WARN_EMPTY_BODY = YES;
				CLANG_WARN_ENUM_CONVERSION = YES;
				CLANG_WARN_INFINITE_RECURSION = YES;
				CLANG_WARN_INT_CONVERSION = YES;
				CLANG_WARN_NON_LITERAL_NULL_CONVERSION = YES;
				CLANG_WARN_OBJC_IMPLICIT_RETAIN_SELF = YES;
				CLANG_WARN_OBJC_LITERAL_CONVERSION = YES;
				CLANG_WARN_OBJC_ROOT_CLASS = YES_ERROR;
				CLANG_WARN_QUOTED_INCLUDE_IN_FRAMEWORK_HEADER = YES;
				CLANG_WARN_RANGE_LOOP_ANALYSIS = YES;
				CLANG_WARN_STRICT_PROTOTYPES = YES;
				CLANG_WARN_SUSPICIOUS_MOVE = YES;
				CLANG_WARN_UNGUARDED_AVAILABILITY = YES_AGGRESSIVE;
				CLANG_WARN_UNREACHABLE_CODE = YES;
				CLANG_WARN__DUPLICATE_METHOD_MATCH = YES;
				COPY_PHASE_STRIP = NO;
				DEBUG_INFORMATION_FORMAT = dwarf;
				ENABLE_STRICT_OBJC_MSGSEND = YES;
				ENABLE_TESTABILITY = YES;
				ENABLE_USER_SCRIPT_SANDBOXING = YES;
				GCC_C_LANGUAGE_STANDARD = gnu17;
				GCC_DYNAMIC_NO_PIC = NO;
				GCC_NO_COMMON_BLOCKS = YES;
				GCC_OPTIMIZATION_LEVEL = 0;
				GCC_PREPROCESSOR_DEFINITIONS = (
					"DEBUG=1",
					"$(inherited)",
				);
				GCC_WARN_64_TO_32_BIT_CONVERSION = YES;
				GCC_WARN_ABOUT_RETURN_TYPE = YES_ERROR;
				GCC_WARN_UNDECLARED_SELECTOR = YES;
				GCC_WARN_UNINITIALIZED_AUTOS = YES_AGGRESSIVE;
				GCC_WARN_UNUSED_FUNCTION = YES;
				GCC_WARN_UNUSED_VARIABLE = YES;
				INFOPLIST_KEY_UISupportedInterfaceOrientations_iPad = "";
				IPHONEOS_DEPLOYMENT_TARGET = 17.5;
				LOCALIZATION_PREFERS_STRING_CATALOGS = YES;
				MTL_ENABLE_DEBUG_INFO = INCLUDE_SOURCE;
				MTL_FAST_MATH = YES;
				ONLY_ACTIVE_ARCH = YES;
				SDKROOT = iphoneos;
				SWIFT_ACTIVE_COMPILATION_CONDITIONS = "DEBUG $(inherited)";
				SWIFT_OPTIMIZATION_LEVEL = "-Onone";
			};
			name = Debug;
		};
		BCA5D1E12C16C89D005FA263 /* Release */ = {
			isa = XCBuildConfiguration;
			buildSettings = {
				ALWAYS_SEARCH_USER_PATHS = NO;
				ASSETCATALOG_COMPILER_GENERATE_SWIFT_ASSET_SYMBOL_EXTENSIONS = YES;
				CLANG_ANALYZER_NONNULL = YES;
				CLANG_ANALYZER_NUMBER_OBJECT_CONVERSION = YES_AGGRESSIVE;
				CLANG_CXX_LANGUAGE_STANDARD = "gnu++20";
				CLANG_ENABLE_MODULES = YES;
				CLANG_ENABLE_OBJC_ARC = YES;
				CLANG_ENABLE_OBJC_WEAK = YES;
				CLANG_WARN_BLOCK_CAPTURE_AUTORELEASING = YES;
				CLANG_WARN_BOOL_CONVERSION = YES;
				CLANG_WARN_COMMA = YES;
				CLANG_WARN_CONSTANT_CONVERSION = YES;
				CLANG_WARN_DEPRECATED_OBJC_IMPLEMENTATIONS = YES;
				CLANG_WARN_DIRECT_OBJC_ISA_USAGE = YES_ERROR;
				CLANG_WARN_DOCUMENTATION_COMMENTS = YES;
				CLANG_WARN_EMPTY_BODY = YES;
				CLANG_WARN_ENUM_CONVERSION = YES;
				CLANG_WARN_INFINITE_RECURSION = YES;
				CLANG_WARN_INT_CONVERSION = YES;
				CLANG_WARN_NON_LITERAL_NULL_CONVERSION = YES;
				CLANG_WARN_OBJC_IMPLICIT_RETAIN_SELF = YES;
				CLANG_WARN_OBJC_LITERAL_CONVERSION = YES;
				CLANG_WARN_OBJC_ROOT_CLASS = YES_ERROR;
				CLANG_WARN_QUOTED_INCLUDE_IN_FRAMEWORK_HEADER = YES;
				CLANG_WARN_RANGE_LOOP_ANALYSIS = YES;
				CLANG_WARN_STRICT_PROTOTYPES = YES;
				CLANG_WARN_SUSPICIOUS_MOVE = YES;
				CLANG_WARN_UNGUARDED_AVAILABILITY = YES_AGGRESSIVE;
				CLANG_WARN_UNREACHABLE_CODE = YES;
				CLANG_WARN__DUPLICATE_METHOD_MATCH = YES;
				COPY_PHASE_STRIP = NO;
				DEBUG_INFORMATION_FORMAT = "dwarf-with-dsym";
				ENABLE_NS_ASSERTIONS = NO;
				ENABLE_STRICT_OBJC_MSGSEND = YES;
				ENABLE_USER_SCRIPT_SANDBOXING = YES;
				GCC_C_LANGUAGE_STANDARD = gnu17;
				GCC_NO_COMMON_BLOCKS = YES;
				GCC_WARN_64_TO_32_BIT_CONVERSION = YES;
				GCC_WARN_ABOUT_RETURN_TYPE = YES_ERROR;
				GCC_WARN_UNDECLARED_SELECTOR = YES;
				GCC_WARN_UNINITIALIZED_AUTOS = YES_AGGRESSIVE;
				GCC_WARN_UNUSED_FUNCTION = YES;
				GCC_WARN_UNUSED_VARIABLE = YES;
				INFOPLIST_KEY_UISupportedInterfaceOrientations_iPad = "";
				IPHONEOS_DEPLOYMENT_TARGET = 17.5;
				LOCALIZATION_PREFERS_STRING_CATALOGS = YES;
				MTL_ENABLE_DEBUG_INFO = NO;
				MTL_FAST_MATH = YES;
				SDKROOT = iphoneos;
				SWIFT_COMPILATION_MODE = wholemodule;
				VALIDATE_PRODUCT = YES;
			};
			name = Release;
		};
		BCA5D1E32C16C89D005FA263 /* Debug */ = {
			isa = XCBuildConfiguration;
			buildSettings = {
				ASSETCATALOG_COMPILER_APPICON_NAME = AppIcon;
				ASSETCATALOG_COMPILER_GLOBAL_ACCENT_COLOR_NAME = AccentColor;
				CODE_SIGN_STYLE = Automatic;
				CURRENT_PROJECT_VERSION = 1;
				DEVELOPMENT_TEAM = F8FT97JYZT;
				GENERATE_INFOPLIST_FILE = YES;
				INFOPLIST_FILE = trendPractice/Info.plist;
				INFOPLIST_KEY_UIApplicationSupportsIndirectInputEvents = YES;
				INFOPLIST_KEY_UILaunchStoryboardName = LaunchScreen;
				INFOPLIST_KEY_UISupportedInterfaceOrientations = UIInterfaceOrientationPortrait;
				INFOPLIST_KEY_UISupportedInterfaceOrientations_iPad = UIInterfaceOrientationPortrait;
				IPHONEOS_DEPLOYMENT_TARGET = 16.0;
				LD_RUNPATH_SEARCH_PATHS = (
					"$(inherited)",
					"@executable_path/Frameworks",
				);
				MARKETING_VERSION = 1.0;
				PRODUCT_BUNDLE_IDENTIFIER = tunastorm.trendPractice;
				PRODUCT_NAME = "$(TARGET_NAME)";
				SUPPORTED_PLATFORMS = "iphoneos iphonesimulator";
				SUPPORTS_MACCATALYST = NO;
				SUPPORTS_MAC_DESIGNED_FOR_IPHONE_IPAD = NO;
				SUPPORTS_XR_DESIGNED_FOR_IPHONE_IPAD = NO;
				SWIFT_EMIT_LOC_STRINGS = YES;
				SWIFT_VERSION = 5.0;
				TARGETED_DEVICE_FAMILY = 1;
			};
			name = Debug;
		};
		BCA5D1E42C16C89D005FA263 /* Release */ = {
			isa = XCBuildConfiguration;
			buildSettings = {
				ASSETCATALOG_COMPILER_APPICON_NAME = AppIcon;
				ASSETCATALOG_COMPILER_GLOBAL_ACCENT_COLOR_NAME = AccentColor;
				CODE_SIGN_STYLE = Automatic;
				CURRENT_PROJECT_VERSION = 1;
				DEVELOPMENT_TEAM = F8FT97JYZT;
				GENERATE_INFOPLIST_FILE = YES;
				INFOPLIST_FILE = trendPractice/Info.plist;
				INFOPLIST_KEY_UIApplicationSupportsIndirectInputEvents = YES;
				INFOPLIST_KEY_UILaunchStoryboardName = LaunchScreen;
				INFOPLIST_KEY_UISupportedInterfaceOrientations = UIInterfaceOrientationPortrait;
				INFOPLIST_KEY_UISupportedInterfaceOrientations_iPad = UIInterfaceOrientationPortrait;
				IPHONEOS_DEPLOYMENT_TARGET = 16.0;
				LD_RUNPATH_SEARCH_PATHS = (
					"$(inherited)",
					"@executable_path/Frameworks",
				);
				MARKETING_VERSION = 1.0;
				PRODUCT_BUNDLE_IDENTIFIER = tunastorm.trendPractice;
				PRODUCT_NAME = "$(TARGET_NAME)";
				SUPPORTED_PLATFORMS = "iphoneos iphonesimulator";
				SUPPORTS_MACCATALYST = NO;
				SUPPORTS_MAC_DESIGNED_FOR_IPHONE_IPAD = NO;
				SUPPORTS_XR_DESIGNED_FOR_IPHONE_IPAD = NO;
				SWIFT_EMIT_LOC_STRINGS = YES;
				SWIFT_VERSION = 5.0;
				TARGETED_DEVICE_FAMILY = 1;
			};
			name = Release;
		};
/* End XCBuildConfiguration section */

/* Begin XCConfigurationList section */
		BCA5D1C92C16C89C005FA263 /* Build configuration list for PBXProject "trendPractice" */ = {
			isa = XCConfigurationList;
			buildConfigurations = (
				BCA5D1E02C16C89D005FA263 /* Debug */,
				BCA5D1E12C16C89D005FA263 /* Release */,
			);
			defaultConfigurationIsVisible = 0;
			defaultConfigurationName = Release;
		};
		BCA5D1E22C16C89D005FA263 /* Build configuration list for PBXNativeTarget "trendPractice" */ = {
			isa = XCConfigurationList;
			buildConfigurations = (
				BCA5D1E32C16C89D005FA263 /* Debug */,
				BCA5D1E42C16C89D005FA263 /* Release */,
			);
			defaultConfigurationIsVisible = 0;
			defaultConfigurationName = Release;
		};
/* End XCConfigurationList section */

/* Begin XCRemoteSwiftPackageReference section */
		BCA5D1F32C16DA55005FA263 /* XCRemoteSwiftPackageReference "Then" */ = {
			isa = XCRemoteSwiftPackageReference;
			repositoryURL = "https://github.com/devxoul/Then.git";
			requirement = {
				kind = upToNextMajorVersion;
				minimumVersion = 3.0.0;
			};
		};
		BCA5D1F62C16DA5C005FA263 /* XCRemoteSwiftPackageReference "Kingfisher" */ = {
			isa = XCRemoteSwiftPackageReference;
			repositoryURL = "https://github.com/onevcat/Kingfisher.git";
			requirement = {
				kind = upToNextMajorVersion;
				minimumVersion = 7.11.0;
			};
		};
		BCA5D1F92C16DA67005FA263 /* XCRemoteSwiftPackageReference "SnapKit" */ = {
			isa = XCRemoteSwiftPackageReference;
			repositoryURL = "https://github.com/SnapKit/SnapKit.git";
			requirement = {
				kind = upToNextMajorVersion;
				minimumVersion = 5.7.1;
			};
		};
		BCA5D1FC2C16DA71005FA263 /* XCRemoteSwiftPackageReference "Alamofire" */ = {
			isa = XCRemoteSwiftPackageReference;
			repositoryURL = "https://github.com/Alamofire/Alamofire.git";
			requirement = {
				kind = upToNextMajorVersion;
				minimumVersion = 5.9.1;
			};
		};
		BCEC00052C31170300C96564 /* XCRemoteSwiftPackageReference "Toast-Swift" */ = {
			isa = XCRemoteSwiftPackageReference;
			repositoryURL = "https://github.com/scalessec/Toast-Swift.git";
			requirement = {
				kind = upToNextMajorVersion;
				minimumVersion = 5.1.1;
			};
		};
		BCEC000A2C31420400C96564 /* XCRemoteSwiftPackageReference "IQKeyboardManager" */ = {
			isa = XCRemoteSwiftPackageReference;
			repositoryURL = "https://github.com/hackiftekhar/IQKeyboardManager.git";
			requirement = {
				kind = upToNextMajorVersion;
				minimumVersion = 7.0.3;
			};
		};
/* End XCRemoteSwiftPackageReference section */

/* Begin XCSwiftPackageProductDependency section */
		BCA5D1F42C16DA55005FA263 /* Then */ = {
			isa = XCSwiftPackageProductDependency;
			package = BCA5D1F32C16DA55005FA263 /* XCRemoteSwiftPackageReference "Then" */;
			productName = Then;
		};
		BCA5D1F72C16DA5C005FA263 /* Kingfisher */ = {
			isa = XCSwiftPackageProductDependency;
			package = BCA5D1F62C16DA5C005FA263 /* XCRemoteSwiftPackageReference "Kingfisher" */;
			productName = Kingfisher;
		};
		BCA5D1FA2C16DA67005FA263 /* SnapKit */ = {
			isa = XCSwiftPackageProductDependency;
			package = BCA5D1F92C16DA67005FA263 /* XCRemoteSwiftPackageReference "SnapKit" */;
			productName = SnapKit;
		};
		BCA5D1FD2C16DA71005FA263 /* Alamofire */ = {
			isa = XCSwiftPackageProductDependency;
			package = BCA5D1FC2C16DA71005FA263 /* XCRemoteSwiftPackageReference "Alamofire" */;
			productName = Alamofire;
		};
		BCEC00062C31170300C96564 /* Toast */ = {
			isa = XCSwiftPackageProductDependency;
			package = BCEC00052C31170300C96564 /* XCRemoteSwiftPackageReference "Toast-Swift" */;
			productName = Toast;
		};
		BCEC000B2C31420400C96564 /* IQKeyboardManagerSwift */ = {
			isa = XCSwiftPackageProductDependency;
			package = BCEC000A2C31420400C96564 /* XCRemoteSwiftPackageReference "IQKeyboardManager" */;
			productName = IQKeyboardManagerSwift;
		};
/* End XCSwiftPackageProductDependency section */
	};
	rootObject = BCA5D1C62C16C89C005FA263 /* Project object */;
}
